
Microsoft Visual Studio Solution File, Format Version 12.00
# Visual Studio Version 17
VisualStudioVersion = 17.10.35122.118
MinimumVisualStudioVersion = 10.0.40219.1
Project("{FAE04EC0-301F-11D3-BF4B-00C04F79EFBC}") = "Rolled-metal-products", "Rolled-metal-products.csproj", "{BD61A6D1-9B7C-4C38-BCD5-CD798A85435B}"
EndProject
Global
	GlobalSection(SolutionConfigurationPlatforms) = preSolution
		Debug|Any CPU = Debug|Any CPU
		Release|Any CPU = Release|Any CPU
	EndGlobalSection
	GlobalSection(ProjectConfigurationPlatforms) = postSolution
		{BD61A6D1-9B7C-4C38-BCD5-CD798A85435B}.Debug|Any CPU.ActiveCfg = Debug|Any CPU
		{BD61A6D1-9B7C-4C38-BCD5-CD798A85435B}.Debug|Any CPU.Build.0 = Debug|Any CPU
		{BD61A6D1-9B7C-4C38-BCD5-CD798A85435B}.Release|Any CPU.ActiveCfg = Release|Any CPU
		{BD61A6D1-9B7C-4C38-BCD5-CD798A85435B}.Release|Any CPU.Build.0 = Release|Any CPU
	EndGlobalSection
	GlobalSection(SolutionProperties) = preSolution
		HideSolutionNode = FALSE
	EndGlobalSection
	GlobalSection(ExtensibilityGlobals) = postSolution
		SolutionGuid = {2544B3EB-3A13-4740-A2BD-B22017399BB5}
	EndGlobalSection
EndGlobal
